// !$*UTF8*$!
{
	archiveVersion = 1;
	classes = {
	};
	objectVersion = 56;
	objects = {

/* Begin PBXBuildFile section */
		000000000000000000000001 /* HaloApp.swift in Sources */ = {isa = PBXBuildFile; fileRef = 000000000000000000000101 /* HaloApp.swift */; };
		000000000000000000000002 /* AccountSettingsView.swift in Sources */ = {isa = PBXBuildFile; fileRef = 000000000000000000000102 /* AccountSettingsView.swift */; };
		000000000000000000000003 /* QuotaAccount.swift in Sources */ = {isa = PBXBuildFile; fileRef = 000000000000000000000103 /* QuotaAccount.swift */; };
		000000000000000000000004 /* QuotaStore.swift in Sources */ = {isa = PBXBuildFile; fileRef = 000000000000000000000104 /* QuotaStore.swift */; };
		000000000000000000000005 /* QuotaRingView.swift in Sources */ = {isa = PBXBuildFile; fileRef = 000000000000000000000105 /* QuotaRingView.swift */; };
		000000000000000000000006 /* Assets.xcassets in Resources */ = {isa = PBXBuildFile; fileRef = 000000000000000000000106 /* Assets.xcassets */; };
		000000000000000000000007 /* HaloWidget.swift in Sources */ = {isa = PBXBuildFile; fileRef = 000000000000000000000107 /* HaloWidget.swift */; };
		000000000000000000000008 /* QuotaAccount.swift in Sources */ = {isa = PBXBuildFile; fileRef = 000000000000000000000103 /* QuotaAccount.swift */; };
		000000000000000000000009 /* QuotaStore.swift in Sources */ = {isa = PBXBuildFile; fileRef = 000000000000000000000104 /* QuotaStore.swift */; };
		00000000000000000000000A /* QuotaRingView.swift in Sources */ = {isa = PBXBuildFile; fileRef = 000000000000000000000105 /* QuotaRingView.swift */; };
		00000000000000000000000B /* Assets.xcassets in Resources */ = {isa = PBXBuildFile; fileRef = 000000000000000000000108 /* Assets.xcassets */; };
		00000000000000000000000C /* HaloWidget.appex in Embed App Extensions */ = {isa = PBXBuildFile; fileRef = 000000000000000000000201 /* HaloWidget.appex */; settings = {ATTRIBUTES = (CodeSignOnCopy, RemoveHeadersOnCopy, ); }; };
		00000000000000000000000D /* QuotaAccountDefaults.swift in Sources */ = {isa = PBXBuildFile; fileRef = 00000000000000000000010D /* QuotaAccountDefaults.swift */; };
		00000000000000000000000E /* QuotaAccountDefaults.swift in Sources */ = {isa = PBXBuildFile; fileRef = 00000000000000000000010D /* QuotaAccountDefaults.swift */; };
		00000000000000000000000F /* QuotaFormatting.swift in Sources */ = {isa = PBXBuildFile; fileRef = 00000000000000000000010E /* QuotaFormatting.swift */; };
		000000000000000000000010 /* QuotaFormatting.swift in Sources */ = {isa = PBXBuildFile; fileRef = 00000000000000000000010E /* QuotaFormatting.swift */; };
		000000000000000000000011 /* QuotaColor.swift in Sources */ = {isa = PBXBuildFile; fileRef = 00000000000000000000010F /* QuotaColor.swift */; };
		000000000000000000000012 /* QuotaColor.swift in Sources */ = {isa = PBXBuildFile; fileRef = 00000000000000000000010F /* QuotaColor.swift */; };
		000000000000000000000013 /* QuotaState.swift in Sources */ = {isa = PBXBuildFile; fileRef = 000000000000000000000110 /* QuotaState.swift */; };
		000000000000000000000014 /* QuotaState.swift in Sources */ = {isa = PBXBuildFile; fileRef = 000000000000000000000110 /* QuotaState.swift */; };
		000000000000000000000015 /* QuotaRepository.swift in Sources */ = {isa = PBXBuildFile; fileRef = 000000000000000000000111 /* QuotaRepository.swift */; };
		000000000000000000000016 /* QuotaRepository.swift in Sources */ = {isa = PBXBuildFile; fileRef = 000000000000000000000111 /* QuotaRepository.swift */; };
		000000000000000000000017 /* AppRoute.swift in Sources */ = {isa = PBXBuildFile; fileRef = 000000000000000000000112 /* AppRoute.swift */; };
		000000000000000000000018 /* AppRoute.swift in Sources */ = {isa = PBXBuildFile; fileRef = 000000000000000000000112 /* AppRoute.swift */; };
		000000000000000000000019 /* QuotaWidgetLayout.swift in Sources */ = {isa = PBXBuildFile; fileRef = 000000000000000000000113 /* QuotaWidgetLayout.swift */; };
		00000000000000000000001A /* QuotaWidgetLayout.swift in Sources */ = {isa = PBXBuildFile; fileRef = 000000000000000000000113 /* QuotaWidgetLayout.swift */; };
		00000000000000000000001B /* QuotaWidgetSurfaces.swift in Sources */ = {isa = PBXBuildFile; fileRef = 000000000000000000000114 /* QuotaWidgetSurfaces.swift */; };
		00000000000000000000001C /* QuotaWidgetSurfaces.swift in Sources */ = {isa = PBXBuildFile; fileRef = 000000000000000000000114 /* QuotaWidgetSurfaces.swift */; };
		00000000000000000000001D /* QuotaWidgetControls.swift in Sources */ = {isa = PBXBuildFile; fileRef = 000000000000000000000115 /* QuotaWidgetControls.swift */; };
		00000000000000000000001E /* QuotaWidgetControls.swift in Sources */ = {isa = PBXBuildFile; fileRef = 000000000000000000000115 /* QuotaWidgetControls.swift */; };
		00000000000000000000001F /* QuotaWidgetContent.swift in Sources */ = {isa = PBXBuildFile; fileRef = 000000000000000000000116 /* QuotaWidgetContent.swift */; };
		000000000000000000000020 /* QuotaWidgetContent.swift in Sources */ = {isa = PBXBuildFile; fileRef = 000000000000000000000116 /* QuotaWidgetContent.swift */; };
		000000000000000000000021 /* QuotaWidgetCard.swift in Sources */ = {isa = PBXBuildFile; fileRef = 000000000000000000000117 /* QuotaWidgetCard.swift */; };
		000000000000000000000022 /* QuotaWidgetCard.swift in Sources */ = {isa = PBXBuildFile; fileRef = 000000000000000000000117 /* QuotaWidgetCard.swift */; };
		000000000000000000000023 /* AccountSidebar.swift in Sources */ = {isa = PBXBuildFile; fileRef = 000000000000000000000118 /* AccountSidebar.swift */; };
		000000000000000000000024 /* AccountEditor.swift in Sources */ = {isa = PBXBuildFile; fileRef = 000000000000000000000119 /* AccountEditor.swift */; };
		000000000000000000000025 /* UsagePanel.swift in Sources */ = {isa = PBXBuildFile; fileRef = 00000000000000000000011A /* UsagePanel.swift */; };
		000000000000000000000026 /* CodexProfilePanel.swift in Sources */ = {isa = PBXBuildFile; fileRef = 00000000000000000000011B /* CodexProfilePanel.swift */; };
		000000000000000000000027 /* AppChrome.swift in Sources */ = {isa = PBXBuildFile; fileRef = 00000000000000000000011C /* AppChrome.swift */; };
		000000000000000000000028 /* CredentialStore.swift in Sources */ = {isa = PBXBuildFile; fileRef = 00000000000000000000011D /* CredentialStore.swift */; };
		000000000000000000000029 /* CodexCommandRunner.swift in Sources */ = {isa = PBXBuildFile; fileRef = 00000000000000000000011E /* CodexCommandRunner.swift */; };
/* End PBXBuildFile section */

/* Begin PBXContainerItemProxy section */
		000000000000000000000301 /* PBXContainerItemProxy */ = {
			isa = PBXContainerItemProxy;
			containerPortal = 000000000000000000000400 /* Project object */;
			proxyType = 1;
			remoteGlobalIDString = 000000000000000000000501;
			remoteInfo = HaloWidget;
		};
/* End PBXContainerItemProxy section */

/* Begin PBXCopyFilesBuildPhase section */
		000000000000000000000601 /* Embed App Extensions */ = {
			isa = PBXCopyFilesBuildPhase;
			buildActionMask = 2147483647;
			dstPath = "";
			dstSubfolderSpec = 13;
			files = (
				00000000000000000000000C /* HaloWidget.appex in Embed App Extensions */,
			);
			name = "Embed App Extensions";
			runOnlyForDeploymentPostprocessing = 0;
		};
/* End PBXCopyFilesBuildPhase section */

/* Begin PBXFileReference section */
		000000000000000000000101 /* HaloApp.swift */ = {isa = PBXFileReference; lastKnownFileType = sourcecode.swift; path = HaloApp.swift; sourceTree = "<group>"; };
		000000000000000000000102 /* AccountSettingsView.swift */ = {isa = PBXFileReference; lastKnownFileType = sourcecode.swift; path = AccountSettingsView.swift; sourceTree = "<group>"; };
		000000000000000000000103 /* QuotaAccount.swift */ = {isa = PBXFileReference; lastKnownFileType = sourcecode.swift; path = QuotaAccount.swift; sourceTree = "<group>"; };
		000000000000000000000104 /* QuotaStore.swift */ = {isa = PBXFileReference; lastKnownFileType = sourcecode.swift; path = QuotaStore.swift; sourceTree = "<group>"; };
		000000000000000000000105 /* QuotaRingView.swift */ = {isa = PBXFileReference; lastKnownFileType = sourcecode.swift; path = QuotaRingView.swift; sourceTree = "<group>"; };
		000000000000000000000106 /* Assets.xcassets */ = {isa = PBXFileReference; lastKnownFileType = folder.assetcatalog; path = Assets.xcassets; sourceTree = "<group>"; };
		000000000000000000000107 /* HaloWidget.swift */ = {isa = PBXFileReference; lastKnownFileType = sourcecode.swift; path = HaloWidget.swift; sourceTree = "<group>"; };
		000000000000000000000108 /* Assets.xcassets */ = {isa = PBXFileReference; lastKnownFileType = folder.assetcatalog; path = Assets.xcassets; sourceTree = "<group>"; };
		000000000000000000000109 /* Info.plist */ = {isa = PBXFileReference; lastKnownFileType = text.plist.xml; path = Info.plist; sourceTree = "<group>"; };
		00000000000000000000010A /* Info.plist */ = {isa = PBXFileReference; lastKnownFileType = text.plist.xml; path = Info.plist; sourceTree = "<group>"; };
		00000000000000000000010B /* Halo.entitlements */ = {isa = PBXFileReference; lastKnownFileType = text.plist.entitlements; path = Halo.entitlements; sourceTree = "<group>"; };
		00000000000000000000010C /* HaloWidget.entitlements */ = {isa = PBXFileReference; lastKnownFileType = text.plist.entitlements; path = HaloWidget.entitlements; sourceTree = "<group>"; };
		00000000000000000000010D /* QuotaAccountDefaults.swift */ = {isa = PBXFileReference; lastKnownFileType = sourcecode.swift; path = QuotaAccountDefaults.swift; sourceTree = "<group>"; };
		00000000000000000000010E /* QuotaFormatting.swift */ = {isa = PBXFileReference; lastKnownFileType = sourcecode.swift; path = QuotaFormatting.swift; sourceTree = "<group>"; };
		00000000000000000000010F /* QuotaColor.swift */ = {isa = PBXFileReference; lastKnownFileType = sourcecode.swift; path = QuotaColor.swift; sourceTree = "<group>"; };
		000000000000000000000110 /* QuotaState.swift */ = {isa = PBXFileReference; lastKnownFileType = sourcecode.swift; path = QuotaState.swift; sourceTree = "<group>"; };
		000000000000000000000111 /* QuotaRepository.swift */ = {isa = PBXFileReference; lastKnownFileType = sourcecode.swift; path = QuotaRepository.swift; sourceTree = "<group>"; };
		000000000000000000000112 /* AppRoute.swift */ = {isa = PBXFileReference; lastKnownFileType = sourcecode.swift; path = AppRoute.swift; sourceTree = "<group>"; };
		000000000000000000000113 /* QuotaWidgetLayout.swift */ = {isa = PBXFileReference; lastKnownFileType = sourcecode.swift; path = QuotaWidgetLayout.swift; sourceTree = "<group>"; };
		000000000000000000000114 /* QuotaWidgetSurfaces.swift */ = {isa = PBXFileReference; lastKnownFileType = sourcecode.swift; path = QuotaWidgetSurfaces.swift; sourceTree = "<group>"; };
		000000000000000000000115 /* QuotaWidgetControls.swift */ = {isa = PBXFileReference; lastKnownFileType = sourcecode.swift; path = QuotaWidgetControls.swift; sourceTree = "<group>"; };
		000000000000000000000116 /* QuotaWidgetContent.swift */ = {isa = PBXFileReference; lastKnownFileType = sourcecode.swift; path = QuotaWidgetContent.swift; sourceTree = "<group>"; };
		000000000000000000000117 /* QuotaWidgetCard.swift */ = {isa = PBXFileReference; lastKnownFileType = sourcecode.swift; path = QuotaWidgetCard.swift; sourceTree = "<group>"; };
		000000000000000000000118 /* AccountSidebar.swift */ = {isa = PBXFileReference; lastKnownFileType = sourcecode.swift; path = AccountSidebar.swift; sourceTree = "<group>"; };
		000000000000000000000119 /* AccountEditor.swift */ = {isa = PBXFileReference; lastKnownFileType = sourcecode.swift; path = AccountEditor.swift; sourceTree = "<group>"; };
		00000000000000000000011A /* UsagePanel.swift */ = {isa = PBXFileReference; lastKnownFileType = sourcecode.swift; path = UsagePanel.swift; sourceTree = "<group>"; };
		00000000000000000000011B /* CodexProfilePanel.swift */ = {isa = PBXFileReference; lastKnownFileType = sourcecode.swift; path = CodexProfilePanel.swift; sourceTree = "<group>"; };
		00000000000000000000011C /* AppChrome.swift */ = {isa = PBXFileReference; lastKnownFileType = sourcecode.swift; path = AppChrome.swift; sourceTree = "<group>"; };
		00000000000000000000011D /* CredentialStore.swift */ = {isa = PBXFileReference; lastKnownFileType = sourcecode.swift; path = CredentialStore.swift; sourceTree = "<group>"; };
		00000000000000000000011E /* CodexCommandRunner.swift */ = {isa = PBXFileReference; lastKnownFileType = sourcecode.swift; path = CodexCommandRunner.swift; sourceTree = "<group>"; };
		000000000000000000000200 /* Halo.app */ = {isa = PBXFileReference; explicitFileType = wrapper.application; includeInIndex = 0; path = Halo.app; sourceTree = BUILT_PRODUCTS_DIR; };
		000000000000000000000201 /* HaloWidget.appex */ = {isa = PBXFileReference; explicitFileType = "wrapper.app-extension"; includeInIndex = 0; path = HaloWidget.appex; sourceTree = BUILT_PRODUCTS_DIR; };
/* End PBXFileReference section */

/* Begin PBXFrameworksBuildPhase section */
		000000000000000000000701 /* Frameworks */ = {
			isa = PBXFrameworksBuildPhase;
			buildActionMask = 2147483647;
			files = (
			);
			runOnlyForDeploymentPostprocessing = 0;
		};
		000000000000000000000702 /* Frameworks */ = {
			isa = PBXFrameworksBuildPhase;
			buildActionMask = 2147483647;
			files = (
			);
			runOnlyForDeploymentPostprocessing = 0;
		};
/* End PBXFrameworksBuildPhase section */

/* Begin PBXGroup section */
		000000000000000000000801 = {
			isa = PBXGroup;
			children = (
				000000000000000000000802 /* Halo */,
				000000000000000000000803 /* Products */,
			);
			sourceTree = "<group>";
		};
		000000000000000000000802 /* Halo */ = {
			isa = PBXGroup;
			children = (
				000000000000000000000804 /* App */,
				000000000000000000000805 /* Widget */,
				000000000000000000000806 /* Shared */,
			);
			path = Halo;
			sourceTree = "<group>";
		};
		000000000000000000000803 /* Products */ = {
			isa = PBXGroup;
			children = (
				000000000000000000000200 /* Halo.app */,
				000000000000000000000201 /* HaloWidget.appex */,
			);
			name = Products;
			sourceTree = "<group>";
		};
		000000000000000000000804 /* App */ = {
			isa = PBXGroup;
			children = (
				000000000000000000000101 /* HaloApp.swift */,
				000000000000000000000102 /* AccountSettingsView.swift */,
				000000000000000000000118 /* AccountSidebar.swift */,
				000000000000000000000119 /* AccountEditor.swift */,
				00000000000000000000011A /* UsagePanel.swift */,
				00000000000000000000011B /* CodexProfilePanel.swift */,
				00000000000000000000011C /* AppChrome.swift */,
				00000000000000000000011D /* CredentialStore.swift */,
				00000000000000000000011E /* CodexCommandRunner.swift */,
				000000000000000000000106 /* Assets.xcassets */,
				000000000000000000000109 /* Info.plist */,
				00000000000000000000010B /* Halo.entitlements */,
			);
			path = App;
			sourceTree = "<group>";
		};
		000000000000000000000805 /* Widget */ = {
			isa = PBXGroup;
			children = (
				000000000000000000000107 /* HaloWidget.swift */,
				000000000000000000000108 /* Assets.xcassets */,
				00000000000000000000010A /* Info.plist */,
				00000000000000000000010C /* HaloWidget.entitlements */,
			);
			path = Widget;
			sourceTree = "<group>";
		};
		000000000000000000000806 /* Shared */ = {
			isa = PBXGroup;
			children = (
				000000000000000000000103 /* QuotaAccount.swift */,
				00000000000000000000010D /* QuotaAccountDefaults.swift */,
				00000000000000000000010E /* QuotaFormatting.swift */,
				00000000000000000000010F /* QuotaColor.swift */,
				000000000000000000000110 /* QuotaState.swift */,
				000000000000000000000111 /* QuotaRepository.swift */,
				000000000000000000000104 /* QuotaStore.swift */,
				000000000000000000000112 /* AppRoute.swift */,
				000000000000000000000105 /* QuotaRingView.swift */,
				000000000000000000000113 /* QuotaWidgetLayout.swift */,
				000000000000000000000114 /* QuotaWidgetSurfaces.swift */,
				000000000000000000000115 /* QuotaWidgetControls.swift */,
				000000000000000000000116 /* QuotaWidgetContent.swift */,
				000000000000000000000117 /* QuotaWidgetCard.swift */,
			);
			path = Shared;
			sourceTree = "<group>";
		};
/* End PBXGroup section */

/* Begin PBXNativeTarget section */
		000000000000000000000500 /* Halo */ = {
			isa = PBXNativeTarget;
			buildConfigurationList = 000000000000000000000A00 /* Build configuration list for PBXNativeTarget "Halo" */;
			buildPhases = (
				000000000000000000000901 /* Sources */,
				000000000000000000000701 /* Frameworks */,
				000000000000000000000902 /* Resources */,
				000000000000000000000601 /* Embed App Extensions */,
			);
			buildRules = (
			);
			dependencies = (
				000000000000000000000302 /* PBXTargetDependency */,
			);
			name = Halo;
			productName = Halo;
			productReference = 000000000000000000000200 /* Halo.app */;
			productType = "com.apple.product-type.application";
		};
		000000000000000000000501 /* HaloWidget */ = {
			isa = PBXNativeTarget;
			buildConfigurationList = 000000000000000000000A01 /* Build configuration list for PBXNativeTarget "HaloWidget" */;
			buildPhases = (
				000000000000000000000903 /* Sources */,
				000000000000000000000702 /* Frameworks */,
				000000000000000000000904 /* Resources */,
			);
			buildRules = (
			);
			dependencies = (
			);
			name = HaloWidget;
			productName = HaloWidget;
			productReference = 000000000000000000000201 /* HaloWidget.appex */;
			productType = "com.apple.product-type.app-extension";
		};
/* End PBXNativeTarget section */

/* Begin PBXProject section */
		000000000000000000000400 /* Project object */ = {
			isa = PBXProject;
			attributes = {
				BuildIndependentTargetsInParallel = 1;
				LastSwiftUpdateCheck = 1600;
				LastUpgradeCheck = 1600;
				TargetAttributes = {
					000000000000000000000500 = {
						CreatedOnToolsVersion = 16.0;
					};
					000000000000000000000501 = {
						CreatedOnToolsVersion = 16.0;
					};
				};
			};
			buildConfigurationList = 000000000000000000000A02 /* Build configuration list for PBXProject "Halo" */;
			compatibilityVersion = "Xcode 14.0";
			developmentRegion = en;
			hasScannedForEncodings = 0;
			knownRegions = (
				en,
				Base,
			);
			mainGroup = 000000000000000000000801;
			productRefGroup = 000000000000000000000803 /* Products */;
			projectDirPath = "";
			projectRoot = "";
			targets = (
				000000000000000000000500 /* Halo */,
				000000000000000000000501 /* HaloWidget */,
			);
		};
/* End PBXProject section */

/* Begin PBXResourcesBuildPhase section */
		000000000000000000000902 /* Resources */ = {
			isa = PBXResourcesBuildPhase;
			buildActionMask = 2147483647;
			files = (
				000000000000000000000006 /* Assets.xcassets in Resources */,
			);
			runOnlyForDeploymentPostprocessing = 0;
		};
		000000000000000000000904 /* Resources */ = {
			isa = PBXResourcesBuildPhase;
			buildActionMask = 2147483647;
			files = (
				00000000000000000000000B /* Assets.xcassets in Resources */,
			);
			runOnlyForDeploymentPostprocessing = 0;
		};
/* End PBXResourcesBuildPhase section */

/* Begin PBXSourcesBuildPhase section */
		000000000000000000000901 /* Sources */ = {
			isa = PBXSourcesBuildPhase;
			buildActionMask = 2147483647;
			files = (
				000000000000000000000001 /* HaloApp.swift in Sources */,
				000000000000000000000002 /* AccountSettingsView.swift in Sources */,
				000000000000000000000023 /* AccountSidebar.swift in Sources */,
				000000000000000000000024 /* AccountEditor.swift in Sources */,
				000000000000000000000025 /* UsagePanel.swift in Sources */,
				000000000000000000000026 /* CodexProfilePanel.swift in Sources */,
				000000000000000000000027 /* AppChrome.swift in Sources */,
				000000000000000000000028 /* CredentialStore.swift in Sources */,
				000000000000000000000029 /* CodexCommandRunner.swift in Sources */,
				000000000000000000000003 /* QuotaAccount.swift in Sources */,
				00000000000000000000000D /* QuotaAccountDefaults.swift in Sources */,
				00000000000000000000000F /* QuotaFormatting.swift in Sources */,
				000000000000000000000011 /* QuotaColor.swift in Sources */,
				000000000000000000000013 /* QuotaState.swift in Sources */,
				000000000000000000000015 /* QuotaRepository.swift in Sources */,
				000000000000000000000004 /* QuotaStore.swift in Sources */,
				000000000000000000000017 /* AppRoute.swift in Sources */,
				000000000000000000000005 /* QuotaRingView.swift in Sources */,
				000000000000000000000019 /* QuotaWidgetLayout.swift in Sources */,
				00000000000000000000001B /* QuotaWidgetSurfaces.swift in Sources */,
				00000000000000000000001D /* QuotaWidgetControls.swift in Sources */,
				00000000000000000000001F /* QuotaWidgetContent.swift in Sources */,
				000000000000000000000021 /* QuotaWidgetCard.swift in Sources */,
			);
			runOnlyForDeploymentPostprocessing = 0;
		};
		000000000000000000000903 /* Sources */ = {
			isa = PBXSourcesBuildPhase;
			buildActionMask = 2147483647;
			files = (
				000000000000000000000007 /* HaloWidget.swift in Sources */,
				000000000000000000000008 /* QuotaAccount.swift in Sources */,
				00000000000000000000000E /* QuotaAccountDefaults.swift in Sources */,
				000000000000000000000010 /* QuotaFormatting.swift in Sources */,
				000000000000000000000012 /* QuotaColor.swift in Sources */,
				000000000000000000000014 /* QuotaState.swift in Sources */,
				000000000000000000000016 /* QuotaRepository.swift in Sources */,
				000000000000000000000009 /* QuotaStore.swift in Sources */,
				000000000000000000000018 /* AppRoute.swift in Sources */,
				00000000000000000000000A /* QuotaRingView.swift in Sources */,
				00000000000000000000001A /* QuotaWidgetLayout.swift in Sources */,
				00000000000000000000001C /* QuotaWidgetSurfaces.swift in Sources */,
				00000000000000000000001E /* QuotaWidgetControls.swift in Sources */,
				000000000000000000000020 /* QuotaWidgetContent.swift in Sources */,
				000000000000000000000022 /* QuotaWidgetCard.swift in Sources */,
			);
			runOnlyForDeploymentPostprocessing = 0;
		};
/* End PBXSourcesBuildPhase section */

/* Begin PBXTargetDependency section */
		000000000000000000000302 /* PBXTargetDependency */ = {
			isa = PBXTargetDependency;
			target = 000000000000000000000501 /* HaloWidget */;
			targetProxy = 000000000000000000000301 /* PBXContainerItemProxy */;
		};
/* End PBXTargetDependency section */

/* Begin XCBuildConfiguration section */
		000000000000000000000B00 /* Debug */ = {
			isa = XCBuildConfiguration;
			buildSettings = {
				ALWAYS_SEARCH_USER_PATHS = NO;
				CLANG_ANALYZER_NONNULL = YES;
				CLANG_ANALYZER_NUMBER_OBJECT_CONVERSION = YES_AGGRESSIVE;
				CLANG_CXX_LANGUAGE_STANDARD = "gnu++20";
				CLANG_ENABLE_MODULES = YES;
				CLANG_ENABLE_OBJC_ARC = YES;
				CLANG_ENABLE_OBJC_WEAK = YES;
				CLANG_WARN_BLOCK_CAPTURE_AUTORELEASING = YES;
				CLANG_WARN_BOOL_CONVERSION = YES;
				CLANG_WARN_COMMA = YES;
				CLANG_WARN_CONSTANT_CONVERSION = YES;
				CLANG_WARN_DEPRECATED_OBJC_IMPLEMENTATIONS = YES;
				CLANG_WARN_DIRECT_OBJC_ISA_USAGE = YES_ERROR;
				CLANG_WARN_DOCUMENTATION_COMMENTS = YES;
				CLANG_WARN_EMPTY_BODY = YES;
				CLANG_WARN_ENUM_CONVERSION = YES;
				CLANG_WARN_INFINITE_RECURSION = YES;
				CLANG_WARN_INT_CONVERSION = YES;
				CLANG_WARN_NON_LITERAL_NULL_CONVERSION = YES;
				CLANG_WARN_OBJC_IMPLICIT_RETAIN_SELF = YES;
				CLANG_WARN_OBJC_LITERAL_CONVERSION = YES;
				CLANG_WARN_OBJC_ROOT_CLASS = YES_ERROR;
				CLANG_WARN_QUOTED_INCLUDE_IN_FRAMEWORK_HEADER = YES;
				CLANG_WARN_RANGE_LOOP_ANALYSIS = YES;
				CLANG_WARN_STRICT_PROTOTYPES = YES;
				CLANG_WARN_SUSPICIOUS_MOVE = YES;
				CLANG_WARN_UNGUARDED_AVAILABILITY = YES_AGGRESSIVE;
				CLANG_WARN_UNREACHABLE_CODE = YES;
				CLANG_WARN__DUPLICATE_METHOD_MATCH = YES;
				COPY_PHASE_STRIP = NO;
				DEBUG_INFORMATION_FORMAT = dwarf;
				ENABLE_STRICT_OBJC_MSGSEND = YES;
				ENABLE_TESTABILITY = YES;
				ENABLE_USER_SCRIPT_SANDBOXING = YES;
				GCC_C_LANGUAGE_STANDARD = gnu17;
				GCC_DYNAMIC_NO_PIC = NO;
				GCC_NO_COMMON_BLOCKS = YES;
				GCC_OPTIMIZATION_LEVEL = 0;
				GCC_PREPROCESSOR_DEFINITIONS = (
					"DEBUG=1",
					"$(inherited)",
				);
				GCC_WARN_64_TO_32_BIT_CONVERSION = YES;
				GCC_WARN_ABOUT_RETURN_TYPE = YES_ERROR;
				GCC_WARN_UNDECLARED_SELECTOR = YES;
				GCC_WARN_UNINITIALIZED_AUTOS = YES_AGGRESSIVE;
				GCC_WARN_UNUSED_FUNCTION = YES;
				GCC_WARN_UNUSED_VARIABLE = YES;
				MACOSX_DEPLOYMENT_TARGET = 14.0;
				MTL_ENABLE_DEBUG_INFO = INCLUDE_SOURCE;
				MTL_FAST_MATH = YES;
				ONLY_ACTIVE_ARCH = YES;
				SDKROOT = macosx;
				SWIFT_ACTIVE_COMPILATION_CONDITIONS = DEBUG;
				SWIFT_OPTIMIZATION_LEVEL = "-Onone";
			};
			name = Debug;
		};
		000000000000000000000B01 /* Release */ = {
			isa = XCBuildConfiguration;
			buildSettings = {
				ALWAYS_SEARCH_USER_PATHS = NO;
				CLANG_ANALYZER_NONNULL = YES;
				CLANG_ANALYZER_NUMBER_OBJECT_CONVERSION = YES_AGGRESSIVE;
				CLANG_CXX_LANGUAGE_STANDARD = "gnu++20";
				CLANG_ENABLE_MODULES = YES;
				CLANG_ENABLE_OBJC_ARC = YES;
				CLANG_ENABLE_OBJC_WEAK = YES;
				CLANG_WARN_BLOCK_CAPTURE_AUTORELEASING = YES;
				CLANG_WARN_BOOL_CONVERSION = YES;
				CLANG_WARN_COMMA = YES;
				CLANG_WARN_CONSTANT_CONVERSION = YES;
				CLANG_WARN_DEPRECATED_OBJC_IMPLEMENTATIONS = YES;
				CLANG_WARN_DIRECT_OBJC_ISA_USAGE = YES_ERROR;
				CLANG_WARN_DOCUMENTATION_COMMENTS = YES;
				CLANG_WARN_EMPTY_BODY = YES;
				CLANG_WARN_ENUM_CONVERSION = YES;
				CLANG_WARN_INFINITE_RECURSION = YES;
				CLANG_WARN_INT_CONVERSION = YES;
				CLANG_WARN_NON_LITERAL_NULL_CONVERSION = YES;
				CLANG_WARN_OBJC_IMPLICIT_RETAIN_SELF = YES;
				CLANG_WARN_OBJC_LITERAL_CONVERSION = YES;
				CLANG_WARN_OBJC_ROOT_CLASS = YES_ERROR;
				CLANG_WARN_QUOTED_INCLUDE_IN_FRAMEWORK_HEADER = YES;
				CLANG_WARN_RANGE_LOOP_ANALYSIS = YES;
				CLANG_WARN_STRICT_PROTOTYPES = YES;
				CLANG_WARN_SUSPICIOUS_MOVE = YES;
				CLANG_WARN_UNGUARDED_AVAILABILITY = YES_AGGRESSIVE;
				CLANG_WARN_UNREACHABLE_CODE = YES;
				CLANG_WARN__DUPLICATE_METHOD_MATCH = YES;
				COPY_PHASE_STRIP = NO;
				DEBUG_INFORMATION_FORMAT = "dwarf-with-dsym";
				ENABLE_NS_ASSERTIONS = NO;
				ENABLE_STRICT_OBJC_MSGSEND = YES;
				ENABLE_USER_SCRIPT_SANDBOXING = YES;
				GCC_C_LANGUAGE_STANDARD = gnu17;
				GCC_NO_COMMON_BLOCKS = YES;
				GCC_WARN_64_TO_32_BIT_CONVERSION = YES;
				GCC_WARN_ABOUT_RETURN_TYPE = YES_ERROR;
				GCC_WARN_UNDECLARED_SELECTOR = YES;
				GCC_WARN_UNINITIALIZED_AUTOS = YES_AGGRESSIVE;
				GCC_WARN_UNUSED_FUNCTION = YES;
				GCC_WARN_UNUSED_VARIABLE = YES;
				MACOSX_DEPLOYMENT_TARGET = 14.0;
				MTL_ENABLE_DEBUG_INFO = NO;
				MTL_FAST_MATH = YES;
				SDKROOT = macosx;
				SWIFT_COMPILATION_MODE = wholemodule;
				SWIFT_OPTIMIZATION_LEVEL = "-O";
			};
			name = Release;
		};
		000000000000000000000B02 /* Debug */ = {
			isa = XCBuildConfiguration;
			buildSettings = {
				CODE_SIGN_ENTITLEMENTS = Halo/App/Halo.entitlements;
				CODE_SIGN_STYLE = Automatic;
				COMBINE_HIDPI_IMAGES = YES;
				CURRENT_PROJECT_VERSION = 1;
				DEVELOPMENT_TEAM = 7SBNT5ZG4M;
				ENABLE_HARDENED_RUNTIME = YES;
				GENERATE_INFOPLIST_FILE = NO;
				INFOPLIST_FILE = Halo/App/Info.plist;
				LD_RUNPATH_SEARCH_PATHS = (
					"$(inherited)",
					"@executable_path/../Frameworks",
				);
				MACOSX_DEPLOYMENT_TARGET = 14.0;
				MARKETING_VERSION = 1.0;
				PRODUCT_BUNDLE_IDENTIFIER = dev.halo.app;
				PRODUCT_NAME = "$(TARGET_NAME)";
				SWIFT_EMIT_LOC_STRINGS = YES;
				SWIFT_VERSION = 5.0;
			};
			name = Debug;
		};
		000000000000000000000B03 /* Release */ = {
			isa = XCBuildConfiguration;
			buildSettings = {
				CODE_SIGN_ENTITLEMENTS = Halo/App/Halo.entitlements;
				CODE_SIGN_STYLE = Automatic;
				COMBINE_HIDPI_IMAGES = YES;
				CURRENT_PROJECT_VERSION = 1;
				DEVELOPMENT_TEAM = 7SBNT5ZG4M;
				ENABLE_HARDENED_RUNTIME = YES;
				GENERATE_INFOPLIST_FILE = NO;
				INFOPLIST_FILE = Halo/App/Info.plist;
				LD_RUNPATH_SEARCH_PATHS = (
					"$(inherited)",
					"@executable_path/../Frameworks",
				);
				MACOSX_DEPLOYMENT_TARGET = 14.0;
				MARKETING_VERSION = 1.0;
				PRODUCT_BUNDLE_IDENTIFIER = dev.halo.app;
				PRODUCT_NAME = "$(TARGET_NAME)";
				SWIFT_EMIT_LOC_STRINGS = YES;
				SWIFT_VERSION = 5.0;
			};
			name = Release;
		};
		000000000000000000000B04 /* Debug */ = {
			isa = XCBuildConfiguration;
			buildSettings = {
				CODE_SIGN_ENTITLEMENTS = Halo/Widget/HaloWidget.entitlements;
				CODE_SIGN_STYLE = Automatic;
				CURRENT_PROJECT_VERSION = 1;
				DEVELOPMENT_TEAM = 7SBNT5ZG4M;
				GENERATE_INFOPLIST_FILE = NO;
				INFOPLIST_FILE = Halo/Widget/Info.plist;
				LD_RUNPATH_SEARCH_PATHS = (
					"$(inherited)",
					"@executable_path/../Frameworks",
					"@executable_path/../../../../Frameworks",
				);
				MACOSX_DEPLOYMENT_TARGET = 14.0;
				MARKETING_VERSION = 1.0;
				PRODUCT_BUNDLE_IDENTIFIER = dev.halo.app.widget;
				PRODUCT_NAME = "$(TARGET_NAME)";
				SKIP_INSTALL = YES;
				SWIFT_EMIT_LOC_STRINGS = YES;
				SWIFT_VERSION = 5.0;
			};
			name = Debug;
		};
		000000000000000000000B05 /* Release */ = {
			isa = XCBuildConfiguration;
			buildSettings = {
				CODE_SIGN_ENTITLEMENTS = Halo/Widget/HaloWidget.entitlements;
				CODE_SIGN_STYLE = Automatic;
				CURRENT_PROJECT_VERSION = 1;
				DEVELOPMENT_TEAM = 7SBNT5ZG4M;
				GENERATE_INFOPLIST_FILE = NO;
				INFOPLIST_FILE = Halo/Widget/Info.plist;
				LD_RUNPATH_SEARCH_PATHS = (
					"$(inherited)",
					"@executable_path/../Frameworks",
					"@executable_path/../../../../Frameworks",
				);
				MACOSX_DEPLOYMENT_TARGET = 14.0;
				MARKETING_VERSION = 1.0;
				PRODUCT_BUNDLE_IDENTIFIER = dev.halo.app.widget;
				PRODUCT_NAME = "$(TARGET_NAME)";
				SKIP_INSTALL = YES;
				SWIFT_EMIT_LOC_STRINGS = YES;
				SWIFT_VERSION = 5.0;
			};
			name = Release;
		};
/* End XCBuildConfiguration section */

/* Begin XCConfigurationList section */
		000000000000000000000A00 /* Build configuration list for PBXNativeTarget "Halo" */ = {
			isa = XCConfigurationList;
			buildConfigurations = (
				000000000000000000000B02 /* Debug */,
				000000000000000000000B03 /* Release */,
			);
			defaultConfigurationIsVisible = 0;
			defaultConfigurationName = Release;
		};
		000000000000000000000A01 /* Build configuration list for PBXNativeTarget "HaloWidget" */ = {
			isa = XCConfigurationList;
			buildConfigurations = (
				000000000000000000000B04 /* Debug */,
				000000000000000000000B05 /* Release */,
			);
			defaultConfigurationIsVisible = 0;
			defaultConfigurationName = Release;
		};
		000000000000000000000A02 /* Build configuration list for PBXProject "Halo" */ = {
			isa = XCConfigurationList;
			buildConfigurations = (
				000000000000000000000B00 /* Debug */,
				000000000000000000000B01 /* Release */,
			);
			defaultConfigurationIsVisible = 0;
			defaultConfigurationName = Release;
		};
/* End XCConfigurationList section */
	};
	rootObject = 000000000000000000000400 /* Project object */;
}
